PODS:
  - XYYNetWorkMonitor (0.1.5)

DEPENDENCIES:
  - XYYNetWorkMonitor (from `../`)

EXTERNAL SOURCES:
  XYYNetWorkMonitor:
    :path: "../"

SPEC CHECKSUMS:
  XYYNetWorkMonitor: 42b7251262f59b511404ace6c0b14668cb051c32

PODFILE CHECKSUM: 784114b3b52f3e80f6d9c166896ae34e3ec5ef82

COCOAPODS: 1.8.4
