PODS:
  - XYYNetWorkMonitor (0.1.7)

DEPENDENCIES:
  - XYYNetWorkMonitor (from `../`)

EXTERNAL SOURCES:
  XYYNetWorkMonitor:
    :path: "../"

SPEC CHECKSUMS:
  XYYNetWorkMonitor: 457f355ff0ec0e6e7bc23a55965a41b8505ded1a

PODFILE CHECKSUM: 784114b3b52f3e80f6d9c166896ae34e3ec5ef82

COCOAPODS: 1.8.4
